
Microsoft Visual Studio Solution File, Format Version 12.00
# Visual Studio Version 16
VisualStudioVersion = 16.0.29020.237
MinimumVisualStudioVersion = 10.0.40219.1
Project("{FAE04EC0-301F-11D3-BF4B-00C04F79EFBC}") = "Base", "Base\Base.csproj", "{1D355465-E468-454C-B957-F993880FAC32}"
EndProject
Project("{FAE04EC0-301F-11D3-BF4B-00C04F79EFBC}") = "Core", "Core\Core.csproj", "{024F7FAC-3D70-40CD-B2B3-5B0254C9565C}"
EndProject
Project("{FAE04EC0-301F-11D3-BF4B-00C04F79EFBC}") = "Util", "Util\Util.csproj", "{1749FFB2-7499-4B70-962F-DBEC79BBF29D}"
EndProject
Global
	GlobalSection(SolutionConfigurationPlatforms) = preSolution
		Debug|Any CPU = Debug|Any CPU
		Release|Any CPU = Release|Any CPU
	EndGlobalSection
	GlobalSection(ProjectConfigurationPlatforms) = postSolution
		{1D355465-E468-454C-B957-F993880FAC32}.Debug|Any CPU.ActiveCfg = Debug|Any CPU
		{1D355465-E468-454C-B957-F993880FAC32}.Debug|Any CPU.Build.0 = Debug|Any CPU
		{1D355465-E468-454C-B957-F993880FAC32}.Release|Any CPU.ActiveCfg = Release|Any CPU
		{1D355465-E468-454C-B957-F993880FAC32}.Release|Any CPU.Build.0 = Release|Any CPU
		{024F7FAC-3D70-40CD-B2B3-5B0254C9565C}.Debug|Any CPU.ActiveCfg = Debug|Any CPU
		{024F7FAC-3D70-40CD-B2B3-5B0254C9565C}.Debug|Any CPU.Build.0 = Debug|Any CPU
		{024F7FAC-3D70-40CD-B2B3-5B0254C9565C}.Release|Any CPU.ActiveCfg = Release|Any CPU
		{024F7FAC-3D70-40CD-B2B3-5B0254C9565C}.Release|Any CPU.Build.0 = Release|Any CPU
		{1749FFB2-7499-4B70-962F-DBEC79BBF29D}.Debug|Any CPU.ActiveCfg = Debug|Any CPU
		{1749FFB2-7499-4B70-962F-DBEC79BBF29D}.Debug|Any CPU.Build.0 = Debug|Any CPU
		{1749FFB2-7499-4B70-962F-DBEC79BBF29D}.Release|Any CPU.ActiveCfg = Release|Any CPU
		{1749FFB2-7499-4B70-962F-DBEC79BBF29D}.Release|Any CPU.Build.0 = Release|Any CPU
	EndGlobalSection
	GlobalSection(SolutionProperties) = preSolution
		HideSolutionNode = FALSE
	EndGlobalSection
	GlobalSection(ExtensibilityGlobals) = postSolution
		SolutionGuid = {B2BD6F23-BBE9-4091-ABB6-3A45B1B107ED}
	EndGlobalSection
EndGlobal
