
Microsoft Visual Studio Solution File, Format Version 12.00
# Visual Studio Version 16
VisualStudioVersion = 16.0.29020.237
MinimumVisualStudioVersion = 10.0.40219.1
Project("{FAE04EC0-301F-11D3-BF4B-00C04F79EFBC}") = "AdyenCse", "AdyenCse\AdyenCse.csproj", "{9A569215-EBE2-46D0-841A-571445252C9E}"
EndProject
Project("{2150E333-8FDC-42A3-9474-1A3956D46DE8}") = "Bindings", "Bindings", "{5C90B333-96A0-44FC-A5A4-36E8F219FF62}"
EndProject
Project("{FAE04EC0-301F-11D3-BF4B-00C04F79EFBC}") = "CoreV3", "CoreV3\CoreV3.csproj", "{1CA7DCBF-70BF-46FB-B166-72D29FBFD3D9}"
EndProject
Project("{FAE04EC0-301F-11D3-BF4B-00C04F79EFBC}") = "BaseV3", "BaseV3\BaseV3.csproj", "{CA1C4954-69FE-4D02-82A7-E87044FA358F}"
EndProject
Project("{FAE04EC0-301F-11D3-BF4B-00C04F79EFBC}") = "BaseUI", "BaseUI\BaseUI.csproj", "{D4ECB222-27FE-49BB-9702-1DB059451E5F}"
EndProject
Project("{FAE04EC0-301F-11D3-BF4B-00C04F79EFBC}") = "Cse", "Cse\Cse.csproj", "{5C45C3A2-C8EB-485D-9744-34CF25DC6815}"
EndProject
Project("{FAE04EC0-301F-11D3-BF4B-00C04F79EFBC}") = "CardBase", "CardBase\CardBase.csproj", "{24F68379-B182-41A4-8316-01F33BB2385C}"
EndProject
Project("{FAE04EC0-301F-11D3-BF4B-00C04F79EFBC}") = "CardUI", "CardUI\CardUI.csproj", "{FAB4D144-EB5C-4CFA-AB43-F01BE6304047}"
EndProject
Project("{2150E333-8FDC-42A3-9474-1A3956D46DE8}") = "BuildScripts", "BuildScripts", "{6B203CBC-EB2A-450A-80BE-5F5A77D0D911}"
	ProjectSection(SolutionItems) = preProject
		Build\build.cake = Build\build.cake
	EndProjectSection
EndProject
Project("{FAE04EC0-301F-11D3-BF4B-00C04F79EFBC}") = "DemoAppV3", "DemoAppV3\DemoAppV3.csproj", "{F295C15A-224A-48F3-97EA-CB151802310A}"
EndProject
Project("{FAE04EC0-301F-11D3-BF4B-00C04F79EFBC}") = "Redirect", "Redirect\Redirect.csproj", "{0DF5CE7C-FF06-4272-A42A-A47E565BB96A}"
EndProject
Global
	GlobalSection(SolutionConfigurationPlatforms) = preSolution
		Debug|Any CPU = Debug|Any CPU
		Release|Any CPU = Release|Any CPU
	EndGlobalSection
	GlobalSection(ProjectConfigurationPlatforms) = postSolution
		{9A569215-EBE2-46D0-841A-571445252C9E}.Debug|Any CPU.ActiveCfg = Debug|Any CPU
		{9A569215-EBE2-46D0-841A-571445252C9E}.Debug|Any CPU.Build.0 = Debug|Any CPU
		{9A569215-EBE2-46D0-841A-571445252C9E}.Release|Any CPU.ActiveCfg = Release|Any CPU
		{9A569215-EBE2-46D0-841A-571445252C9E}.Release|Any CPU.Build.0 = Release|Any CPU
		{1CA7DCBF-70BF-46FB-B166-72D29FBFD3D9}.Debug|Any CPU.ActiveCfg = Debug|Any CPU
		{1CA7DCBF-70BF-46FB-B166-72D29FBFD3D9}.Debug|Any CPU.Build.0 = Debug|Any CPU
		{1CA7DCBF-70BF-46FB-B166-72D29FBFD3D9}.Release|Any CPU.ActiveCfg = Release|Any CPU
		{1CA7DCBF-70BF-46FB-B166-72D29FBFD3D9}.Release|Any CPU.Build.0 = Release|Any CPU
		{CA1C4954-69FE-4D02-82A7-E87044FA358F}.Debug|Any CPU.ActiveCfg = Debug|Any CPU
		{CA1C4954-69FE-4D02-82A7-E87044FA358F}.Debug|Any CPU.Build.0 = Debug|Any CPU
		{CA1C4954-69FE-4D02-82A7-E87044FA358F}.Release|Any CPU.ActiveCfg = Release|Any CPU
		{CA1C4954-69FE-4D02-82A7-E87044FA358F}.Release|Any CPU.Build.0 = Release|Any CPU
		{D4ECB222-27FE-49BB-9702-1DB059451E5F}.Debug|Any CPU.ActiveCfg = Debug|Any CPU
		{D4ECB222-27FE-49BB-9702-1DB059451E5F}.Debug|Any CPU.Build.0 = Debug|Any CPU
		{D4ECB222-27FE-49BB-9702-1DB059451E5F}.Release|Any CPU.ActiveCfg = Release|Any CPU
		{D4ECB222-27FE-49BB-9702-1DB059451E5F}.Release|Any CPU.Build.0 = Release|Any CPU
		{5C45C3A2-C8EB-485D-9744-34CF25DC6815}.Debug|Any CPU.ActiveCfg = Debug|Any CPU
		{5C45C3A2-C8EB-485D-9744-34CF25DC6815}.Debug|Any CPU.Build.0 = Debug|Any CPU
		{5C45C3A2-C8EB-485D-9744-34CF25DC6815}.Release|Any CPU.ActiveCfg = Release|Any CPU
		{5C45C3A2-C8EB-485D-9744-34CF25DC6815}.Release|Any CPU.Build.0 = Release|Any CPU
		{24F68379-B182-41A4-8316-01F33BB2385C}.Debug|Any CPU.ActiveCfg = Debug|Any CPU
		{24F68379-B182-41A4-8316-01F33BB2385C}.Debug|Any CPU.Build.0 = Debug|Any CPU
		{24F68379-B182-41A4-8316-01F33BB2385C}.Release|Any CPU.ActiveCfg = Release|Any CPU
		{24F68379-B182-41A4-8316-01F33BB2385C}.Release|Any CPU.Build.0 = Release|Any CPU
		{FAB4D144-EB5C-4CFA-AB43-F01BE6304047}.Debug|Any CPU.ActiveCfg = Debug|Any CPU
		{FAB4D144-EB5C-4CFA-AB43-F01BE6304047}.Debug|Any CPU.Build.0 = Debug|Any CPU
		{FAB4D144-EB5C-4CFA-AB43-F01BE6304047}.Release|Any CPU.ActiveCfg = Release|Any CPU
		{FAB4D144-EB5C-4CFA-AB43-F01BE6304047}.Release|Any CPU.Build.0 = Release|Any CPU
		{F295C15A-224A-48F3-97EA-CB151802310A}.Debug|Any CPU.ActiveCfg = Debug|Any CPU
		{F295C15A-224A-48F3-97EA-CB151802310A}.Debug|Any CPU.Build.0 = Debug|Any CPU
		{F295C15A-224A-48F3-97EA-CB151802310A}.Debug|Any CPU.Deploy.0 = Debug|Any CPU
		{F295C15A-224A-48F3-97EA-CB151802310A}.Release|Any CPU.ActiveCfg = Release|Any CPU
		{F295C15A-224A-48F3-97EA-CB151802310A}.Release|Any CPU.Build.0 = Release|Any CPU
		{F295C15A-224A-48F3-97EA-CB151802310A}.Release|Any CPU.Deploy.0 = Release|Any CPU
		{0DF5CE7C-FF06-4272-A42A-A47E565BB96A}.Debug|Any CPU.ActiveCfg = Debug|Any CPU
		{0DF5CE7C-FF06-4272-A42A-A47E565BB96A}.Debug|Any CPU.Build.0 = Debug|Any CPU
		{0DF5CE7C-FF06-4272-A42A-A47E565BB96A}.Release|Any CPU.ActiveCfg = Release|Any CPU
		{0DF5CE7C-FF06-4272-A42A-A47E565BB96A}.Release|Any CPU.Build.0 = Release|Any CPU
	EndGlobalSection
	GlobalSection(SolutionProperties) = preSolution
		HideSolutionNode = FALSE
	EndGlobalSection
	GlobalSection(NestedProjects) = preSolution
		{9A569215-EBE2-46D0-841A-571445252C9E} = {5C90B333-96A0-44FC-A5A4-36E8F219FF62}
		{1CA7DCBF-70BF-46FB-B166-72D29FBFD3D9} = {5C90B333-96A0-44FC-A5A4-36E8F219FF62}
		{CA1C4954-69FE-4D02-82A7-E87044FA358F} = {5C90B333-96A0-44FC-A5A4-36E8F219FF62}
		{D4ECB222-27FE-49BB-9702-1DB059451E5F} = {5C90B333-96A0-44FC-A5A4-36E8F219FF62}
		{5C45C3A2-C8EB-485D-9744-34CF25DC6815} = {5C90B333-96A0-44FC-A5A4-36E8F219FF62}
		{24F68379-B182-41A4-8316-01F33BB2385C} = {5C90B333-96A0-44FC-A5A4-36E8F219FF62}
		{FAB4D144-EB5C-4CFA-AB43-F01BE6304047} = {5C90B333-96A0-44FC-A5A4-36E8F219FF62}
		{0DF5CE7C-FF06-4272-A42A-A47E565BB96A} = {5C90B333-96A0-44FC-A5A4-36E8F219FF62}
	EndGlobalSection
	GlobalSection(ExtensibilityGlobals) = postSolution
		SolutionGuid = {B2BD6F23-BBE9-4091-ABB6-3A45B1B107ED}
	EndGlobalSection
EndGlobal
